dependencies:
- name: common
  repository: https://nimbushubin.github.io/helmcharts
  version: 0.1.0
- name: redis
  repository: https://charts.bitnami.com/bitnami
  version: 17.8.3
- name: cassandra
  repository: https://charts.bitnami.com/bitnami
  version: 10.1.0
- name: kafka
  repository: https://charts.bitnami.com/bitnami
  version: 20.0.2
digest: sha256:b58587093240b8d6005314af318d4cbfecdca635dc7d8066d495a24fbed191f9
generated: "2024-01-12T11:37:46.219743493+01:00"
