dependencies:
- name: common
  repository: https://nimbushubin.github.io/helmcharts
  version: 0.1.0
- name: redis
  repository: https://charts.bitnami.com/bitnami
  version: 17.8.3
- name: elasticsearch
  repository: https://charts.bitnami.com/bitnami
  version: 19.5.14
- name: kafka
  repository: https://charts.bitnami.com/bitnami
  version: 20.0.2
- name: neo4j
  repository: ""
  version: 0.1.0
- name: yugabyte
  repository: https://charts.yugabyte.com
  version: 2025.2.0   
digest: sha2